
Microsoft Visual Studio Solution File, Format Version 12.00
# Visual Studio Version 17
VisualStudioVersion = 17.14.37328.6
MinimumVisualStudioVersion = 10.0.40219.1
Project("{FAE04EC0-301F-11D3-BF4B-00C04F79EFBC}") = "PassNest", "PassNest.csproj", "{A1CC2741-167B-4936-882F-4E7B99DF3C92}"
EndProject
Project("{FAE04EC0-301F-11D3-BF4B-00C04F79EFBC}") = "EntityLayer", "..\EntityLayer\EntityLayer.csproj", "{DD228E23-EE66-40BB-B9C8-96AB293CC554}"
EndProject
Project("{FAE04EC0-301F-11D3-BF4B-00C04F79EFBC}") = "DataAccessLayer", "..\DataAccessLayer\DataAccessLayer.csproj", "{28348D0E-DAD3-4F7E-8BDC-9CAF39E12483}"
EndProject
Project("{FAE04EC0-301F-11D3-BF4B-00C04F79EFBC}") = "BusinessLogicLayer", "..\BusinessLogicLayer\BusinessLogicLayer.csproj", "{AFD1DDAE-788F-4DDA-B1CB-14D29755E08B}"
EndProject
Global
	GlobalSection(SolutionConfigurationPlatforms) = preSolution
		Debug|Any CPU = Debug|Any CPU
		Release|Any CPU = Release|Any CPU
	EndGlobalSection
	GlobalSection(ProjectConfigurationPlatforms) = postSolution
		{A1CC2741-167B-4936-882F-4E7B99DF3C92}.Debug|Any CPU.ActiveCfg = Debug|Any CPU
		{A1CC2741-167B-4936-882F-4E7B99DF3C92}.Debug|Any CPU.Build.0 = Debug|Any CPU
		{A1CC2741-167B-4936-882F-4E7B99DF3C92}.Release|Any CPU.ActiveCfg = Release|Any CPU
		{A1CC2741-167B-4936-882F-4E7B99DF3C92}.Release|Any CPU.Build.0 = Release|Any CPU
		{DD228E23-EE66-40BB-B9C8-96AB293CC554}.Debug|Any CPU.ActiveCfg = Debug|Any CPU
		{DD228E23-EE66-40BB-B9C8-96AB293CC554}.Debug|Any CPU.Build.0 = Debug|Any CPU
		{DD228E23-EE66-40BB-B9C8-96AB293CC554}.Release|Any CPU.ActiveCfg = Release|Any CPU
		{DD228E23-EE66-40BB-B9C8-96AB293CC554}.Release|Any CPU.Build.0 = Release|Any CPU
		{28348D0E-DAD3-4F7E-8BDC-9CAF39E12483}.Debug|Any CPU.ActiveCfg = Debug|Any CPU
		{28348D0E-DAD3-4F7E-8BDC-9CAF39E12483}.Debug|Any CPU.Build.0 = Debug|Any CPU
		{28348D0E-DAD3-4F7E-8BDC-9CAF39E12483}.Release|Any CPU.ActiveCfg = Release|Any CPU
		{28348D0E-DAD3-4F7E-8BDC-9CAF39E12483}.Release|Any CPU.Build.0 = Release|Any CPU
		{AFD1DDAE-788F-4DDA-B1CB-14D29755E08B}.Debug|Any CPU.ActiveCfg = Debug|Any CPU
		{AFD1DDAE-788F-4DDA-B1CB-14D29755E08B}.Debug|Any CPU.Build.0 = Debug|Any CPU
		{AFD1DDAE-788F-4DDA-B1CB-14D29755E08B}.Release|Any CPU.ActiveCfg = Release|Any CPU
		{AFD1DDAE-788F-4DDA-B1CB-14D29755E08B}.Release|Any CPU.Build.0 = Release|Any CPU
	EndGlobalSection
	GlobalSection(SolutionProperties) = preSolution
		HideSolutionNode = FALSE
	EndGlobalSection
	GlobalSection(ExtensibilityGlobals) = postSolution
		SolutionGuid = {35B3E753-518D-48F5-B882-DBA9ADCBC351}
	EndGlobalSection
EndGlobal
